{
    "version": 3,
    "terraform_version": "0.9.3",
    "serial": 0,
    "lineage": "861cef36-f908-4c68-a48c-f0a193e7933f",
    "modules": [
        {
            "path": [
                "root"
            ],
            "outputs": {},
            "resources": {
                "aws_emr_cluster.tf-test-cluster": {
                    "type": "aws_emr_cluster",
                    "depends_on": [
                        "aws_iam_instance_profile.emr_profile",
                        "aws_iam_role.iam_emr_service_role",
                        "aws_security_group.EMRSG",
                        "aws_subnet.emr_vpc_subnet_public"
                    ],
                    "primary": {
                        "id": "j-AHL09WP4AD6X",
                        "attributes": {
                            "applications.#": "1",
                            "applications.1557323817": "Spark",
                            "core_instance_count": "1",
                            "core_instance_type": "m3.xlarge",
                            "ec2_attributes.#": "1",
                            "ec2_attributes.0.additional_master_security_groups": "",
                            "ec2_attributes.0.additional_slave_security_groups": "",
                            "ec2_attributes.0.emr_managed_master_security_group": "sg-c17cb6a7",
                            "ec2_attributes.0.emr_managed_slave_security_group": "sg-c17cb6a7",
                            "ec2_attributes.0.instance_profile": "arn:aws:iam::951183643660:instance-profile/emr_profile",
                            "ec2_attributes.0.key_name": "",
                            "ec2_attributes.0.service_access_security_group": "",
                            "ec2_attributes.0.subnet_id": "subnet-ccb1a1a8",
                            "id": "j-AHL09WP4AD6X",
                            "master_instance_type": "m3.xlarge",
                            "name": "emr-test-chang",
                            "release_label": "emr-5.7.0",
                            "service_role": "arn:aws:iam::951183643660:role/iam_emr_service_role",
                            "tags.%": "4",
                            "tags.dns_zone": "env_zone",
                            "tags.env": "env",
                            "tags.name": "name-env",
                            "tags.role": "rolename",
                            "visible_to_all_users": "true"
                        },
                        "meta": {},
                        "tainted": false
                    },
                    "deposed": [],
                    "provider": ""
                },
                "aws_iam_instance_profile.emr_profile": {
                    "type": "aws_iam_instance_profile",
                    "depends_on": [
                        "aws_iam_role.iam_emr_profile_role"
                    ],
                    "primary": {
                        "id": "emr_profile",
                        "attributes": {
                            "arn": "arn:aws:iam::951183643660:instance-profile/emr_profile",
                            "id": "emr_profile",
                            "name": "emr_profile",
                            "path": "/",
                            "roles.#": "1",
                            "roles.3193005476": "iam_emr_profile_role",
                            "unique_id": "AIPAJ5W7BFE3B2GTRTTSU"
                        },
                        "meta": {},
                        "tainted": false
                    },
                    "deposed": [],
                    "provider": ""
                },
                "aws_iam_role.iam_emr_profile_role": {
                    "type": "aws_iam_role",
                    "depends_on": [],
                    "primary": {
                        "id": "iam_emr_profile_role",
                        "attributes": {
                            "arn": "arn:aws:iam::951183643660:role/iam_emr_profile_role",
                            "assume_role_policy": "{\n  \"Version\": \"2008-10-17\",\n  \"Statement\": [\n    {\n      \"Sid\": \"\",\n      \"Effect\": \"Allow\",\n      \"Principal\": {\n        \"Service\": \"ec2.amazonaws.com\"\n      },\n      \"Action\": \"sts:AssumeRole\"\n    }\n  ]\n}\n",
                            "create_date": "2017-08-09T22:08:40Z",
                            "id": "iam_emr_profile_role",
                            "name": "iam_emr_profile_role",
                            "path": "/",
                            "unique_id": "AROAJDSQS6K3IUEHKNHZY"
                        },
                        "meta": {},
                        "tainted": false
                    },
                    "deposed": [],
                    "provider": ""
                },
                "aws_iam_role.iam_emr_service_role": {
                    "type": "aws_iam_role",
                    "depends_on": [],
                    "primary": {
                        "id": "iam_emr_service_role",
                        "attributes": {
                            "arn": "arn:aws:iam::951183643660:role/iam_emr_service_role",
                            "assume_role_policy": "{\n  \"Version\": \"2008-10-17\",\n  \"Statement\": [\n    {\n      \"Sid\": \"\",\n      \"Effect\": \"Allow\",\n      \"Principal\": {\n        \"Service\": \"elasticmapreduce.amazonaws.com\"\n      },\n      \"Action\": \"sts:AssumeRole\"\n    }\n  ]\n}\n",
                            "create_date": "2017-08-09T22:08:40Z",
                            "id": "iam_emr_service_role",
                            "name": "iam_emr_service_role",
                            "path": "/",
                            "unique_id": "AROAID7QVLLLL3AOR55JY"
                        },
                        "meta": {},
                        "tainted": false
                    },
                    "deposed": [],
                    "provider": ""
                },
                "aws_internet_gateway.emr_gw": {
                    "type": "aws_internet_gateway",
                    "depends_on": [
                        "aws_vpc.emr_vpc"
                    ],
                    "primary": {
                        "id": "igw-01d73d65",
                        "attributes": {
                            "id": "igw-01d73d65",
                            "tags.%": "1",
                            "tags.Name": "Terraform_EMR_Gateway",
                            "vpc_id": "vpc-5adda03e"
                        },
                        "meta": {},
                        "tainted": false
                    },
                    "deposed": [],
                    "provider": ""
                },
                "aws_key_pair.auth": {
                    "type": "aws_key_pair",
                    "depends_on": [],
                    "primary": {
                        "id": "terraform_key",
                        "attributes": {
                            "id": "terraform_key",
                            "key_name": "terraform_key",
                            "public_key": "ssh-rsa AAAAB3NzaC1yc2EAAAADAQABAAABAQDR5gOMi01oj59f3qOagluJKhmkK1DXMabt2u2HG5CDbSCpzaVNvtZhBMEsF8TINQcTHfcSxgU9C/xcsylpeM1zlBYld3Pqk+rF7pnFMg9iDZ6paj0ABdBEwKWTjf4+UWaJvnsyD0yxihCRnJ1MlZmhxTj2EUI3O61t7YMia5/rSu4O7o3xzAdQ5Zyqt4w0Xcc8FyWmz0zbaAw+wC6qutbweOomp8dLL45D5bNb8Vs2pWp2sQKsWdX62WXdPVzp6gygY7jGHheiwqoybXbs5o6n6N6vk1v518oVl4PfkR49nVjhTrjTgThFES2yw08OouMdmCKt2Bk/lb9E5xdgoOQT chang.dong@samsung.com"
                        },
                        "meta": {
                            "schema_version": "1"
                        },
                        "tainted": false
                    },
                    "deposed": [],
                    "provider": ""
                },
                "aws_route.internet_access": {
                    "type": "aws_route",
                    "depends_on": [
                        "aws_internet_gateway.emr_gw",
                        "aws_vpc.emr_vpc"
                    ],
                    "primary": {
                        "id": "r-rtb-e46460801080289494",
                        "attributes": {
                            "destination_cidr_block": "0.0.0.0/0",
                            "destination_prefix_list_id": "",
                            "egress_only_gateway_id": "",
                            "gateway_id": "igw-01d73d65",
                            "id": "r-rtb-e46460801080289494",
                            "instance_id": "",
                            "instance_owner_id": "",
                            "nat_gateway_id": "",
                            "network_interface_id": "",
                            "origin": "CreateRoute",
                            "route_table_id": "rtb-e4646080",
                            "state": "active",
                            "vpc_peering_connection_id": ""
                        },
                        "meta": {},
                        "tainted": false
                    },
                    "deposed": [],
                    "provider": ""
                },
                "aws_route_table.route_table_public": {
                    "type": "aws_route_table",
                    "depends_on": [
                        "aws_internet_gateway.emr_gw",
                        "aws_vpc.emr_vpc"
                    ],
                    "primary": {
                        "id": "rtb-a35b5fc7",
                        "attributes": {
                            "id": "rtb-a35b5fc7",
                            "propagating_vgws.#": "0",
                            "route.#": "1",
                            "route.4204749984.cidr_block": "0.0.0.0/0",
                            "route.4204749984.egress_only_gateway_id": "",
                            "route.4204749984.gateway_id": "igw-01d73d65",
                            "route.4204749984.instance_id": "",
                            "route.4204749984.ipv6_cidr_block": "",
                            "route.4204749984.nat_gateway_id": "",
                            "route.4204749984.network_interface_id": "",
                            "route.4204749984.vpc_peering_connection_id": "",
                            "tags.%": "1",
                            "tags.Name": "Public Subnet",
                            "vpc_id": "vpc-5adda03e"
                        },
                        "meta": {},
                        "tainted": false
                    },
                    "deposed": [],
                    "provider": ""
                },
                "aws_route_table_association.rt-association-public": {
                    "type": "aws_route_table_association",
                    "depends_on": [
                        "aws_route_table.route_table_public",
                        "aws_subnet.emr_vpc_subnet_public"
                    ],
                    "primary": {
                        "id": "rtbassoc-c636b4a1",
                        "attributes": {
                            "id": "rtbassoc-c636b4a1",
                            "route_table_id": "rtb-a35b5fc7",
                            "subnet_id": "subnet-ccb1a1a8"
                        },
                        "meta": {},
                        "tainted": false
                    },
                    "deposed": [],
                    "provider": ""
                },
                "aws_security_group.EMRSG": {
                    "type": "aws_security_group",
                    "depends_on": [
                        "aws_vpc.emr_vpc"
                    ],
                    "primary": {
                        "id": "sg-c17cb6a7",
                        "attributes": {
                            "description": "EMR_SG",
                            "egress.#": "1",
                            "egress.482069346.cidr_blocks.#": "1",
                            "egress.482069346.cidr_blocks.0": "0.0.0.0/0",
                            "egress.482069346.from_port": "0",
                            "egress.482069346.ipv6_cidr_blocks.#": "0",
                            "egress.482069346.prefix_list_ids.#": "0",
                            "egress.482069346.protocol": "-1",
                            "egress.482069346.security_groups.#": "0",
                            "egress.482069346.self": "false",
                            "egress.482069346.to_port": "0",
                            "id": "sg-c17cb6a7",
                            "ingress.#": "2",
                            "ingress.2541437006.cidr_blocks.#": "1",
                            "ingress.2541437006.cidr_blocks.0": "0.0.0.0/0",
                            "ingress.2541437006.from_port": "22",
                            "ingress.2541437006.ipv6_cidr_blocks.#": "0",
                            "ingress.2541437006.protocol": "tcp",
                            "ingress.2541437006.security_groups.#": "0",
                            "ingress.2541437006.self": "false",
                            "ingress.2541437006.to_port": "22",
                            "ingress.590110087.cidr_blocks.#": "2",
                            "ingress.590110087.cidr_blocks.0": "10.111.0.0/16",
                            "ingress.590110087.cidr_blocks.1": "162.246.216.28/32",
                            "ingress.590110087.from_port": "80",
                            "ingress.590110087.ipv6_cidr_blocks.#": "0",
                            "ingress.590110087.protocol": "tcp",
                            "ingress.590110087.security_groups.#": "0",
                            "ingress.590110087.self": "false",
                            "ingress.590110087.to_port": "80",
                            "name": "EMR_SG",
                            "owner_id": "951183643660",
                            "tags.%": "0",
                            "vpc_id": "vpc-5adda03e"
                        },
                        "meta": {},
                        "tainted": false
                    },
                    "deposed": [],
                    "provider": ""
                },
                "aws_subnet.emr_vpc_subnet_public": {
                    "type": "aws_subnet",
                    "depends_on": [
                        "aws_vpc.emr_vpc"
                    ],
                    "primary": {
                        "id": "subnet-ccb1a1a8",
                        "attributes": {
                            "assign_ipv6_address_on_creation": "false",
                            "availability_zone": "us-west-1a",
                            "cidr_block": "10.111.1.0/24",
                            "id": "subnet-ccb1a1a8",
                            "map_public_ip_on_launch": "true",
                            "tags.%": "1",
                            "tags.Name": "emr_vpc_subnet_public",
                            "vpc_id": "vpc-5adda03e"
                        },
                        "meta": {},
                        "tainted": false
                    },
                    "deposed": [],
                    "provider": ""
                },
                "aws_vpc.emr_vpc": {
                    "type": "aws_vpc",
                    "depends_on": [],
                    "primary": {
                        "id": "vpc-5adda03e",
                        "attributes": {
                            "assign_generated_ipv6_cidr_block": "false",
                            "cidr_block": "10.111.0.0/16",
                            "default_network_acl_id": "acl-15152071",
                            "default_route_table_id": "rtb-e4646080",
                            "default_security_group_id": "sg-4072b826",
                            "dhcp_options_id": "dopt-5bf9e533",
                            "enable_classiclink": "false",
                            "enable_dns_hostnames": "false",
                            "enable_dns_support": "true",
                            "id": "vpc-5adda03e",
                            "instance_tenancy": "default",
                            "main_route_table_id": "rtb-e4646080",
                            "tags.%": "1",
                            "tags.Name": "terrform_emr_vpc"
                        },
                        "meta": {
                            "schema_version": "1"
                        },
                        "tainted": false
                    },
                    "deposed": [],
                    "provider": ""
                }
            },
            "depends_on": []
        }
    ]
}
